
Microsoft Visual Studio Solution File, Format Version 12.00
# Visual Studio Version 16
VisualStudioVersion = 16.0.31702.278
MinimumVisualStudioVersion = 10.0.40219.1
Project("{FAE04EC0-301F-11D3-BF4B-00C04F79EFBC}") = "10_12_2022", "10_12_2022\10_12_2022.csproj", "{A963832C-9480-4E63-9EA0-541935D1F285}"
EndProject
Global
	GlobalSection(SolutionConfigurationPlatforms) = preSolution
		Debug|Any CPU = Debug|Any CPU
		Release|Any CPU = Release|Any CPU
	EndGlobalSection
	GlobalSection(ProjectConfigurationPlatforms) = postSolution
		{A963832C-9480-4E63-9EA0-541935D1F285}.Debug|Any CPU.ActiveCfg = Debug|Any CPU
		{A963832C-9480-4E63-9EA0-541935D1F285}.Debug|Any CPU.Build.0 = Debug|Any CPU
		{A963832C-9480-4E63-9EA0-541935D1F285}.Release|Any CPU.ActiveCfg = Release|Any CPU
		{A963832C-9480-4E63-9EA0-541935D1F285}.Release|Any CPU.Build.0 = Release|Any CPU
	EndGlobalSection
	GlobalSection(SolutionProperties) = preSolution
		HideSolutionNode = FALSE
	EndGlobalSection
	GlobalSection(ExtensibilityGlobals) = postSolution
		SolutionGuid = {016FB591-06DF-47DA-8FBA-E1022B9BEC88}
	EndGlobalSection
EndGlobal
